// !$*UTF8*$!
{
	archiveVersion = 1;
	classes = {
	};
	objectVersion = 50;
	objects = {

/* Begin PBXBuildFile section */
		69BFCB7722FA271E00B3EB5B /* AppDelegate.swift in Sources */ = {isa = PBXBuildFile; fileRef = 69BFCB7622FA271E00B3EB5B /* AppDelegate.swift */; };
		69BFCB7E22FA271E00B3EB5B /* Main.storyboard in Resources */ = {isa = PBXBuildFile; fileRef = 69BFCB7C22FA271E00B3EB5B /* Main.storyboard */; };
		69BFCB8022FA271F00B3EB5B /* Assets.xcassets in Resources */ = {isa = PBXBuildFile; fileRef = 69BFCB7F22FA271F00B3EB5B /* Assets.xcassets */; };
		69BFCB8322FA271F00B3EB5B /* LaunchScreen.storyboard in Resources */ = {isa = PBXBuildFile; fileRef = 69BFCB8122FA271F00B3EB5B /* LaunchScreen.storyboard */; };
		69BFCB9422FA29E400B3EB5B /* Indicator.swift in Sources */ = {isa = PBXBuildFile; fileRef = 69BFCB9322FA29E400B3EB5B /* Indicator.swift */; };
		69BFCB9622FA29F200B3EB5B /* MTCustomTabBarController.swift in Sources */ = {isa = PBXBuildFile; fileRef = 69BFCB9522FA29F200B3EB5B /* MTCustomTabBarController.swift */; };
		69BFCB9822FA29FB00B3EB5B /* SwipeTransition.swift in Sources */ = {isa = PBXBuildFile; fileRef = 69BFCB9722FA29FB00B3EB5B /* SwipeTransition.swift */; };
/* End PBXBuildFile section */

/* Begin PBXFileReference section */
		69BFCB7322FA271E00B3EB5B /* MTCustomTabBar.app */ = {isa = PBXFileReference; explicitFileType = wrapper.application; includeInIndex = 0; path = MTCustomTabBar.app; sourceTree = BUILT_PRODUCTS_DIR; };
		69BFCB7622FA271E00B3EB5B /* AppDelegate.swift */ = {isa = PBXFileReference; lastKnownFileType = sourcecode.swift; path = AppDelegate.swift; sourceTree = "<group>"; };
		69BFCB7D22FA271E00B3EB5B /* Base */ = {isa = PBXFileReference; lastKnownFileType = file.storyboard; name = Base; path = Base.lproj/Main.storyboard; sourceTree = "<group>"; };
		69BFCB7F22FA271F00B3EB5B /* Assets.xcassets */ = {isa = PBXFileReference; lastKnownFileType = folder.assetcatalog; path = Assets.xcassets; sourceTree = "<group>"; };
		69BFCB8222FA271F00B3EB5B /* Base */ = {isa = PBXFileReference; lastKnownFileType = file.storyboard; name = Base; path = Base.lproj/LaunchScreen.storyboard; sourceTree = "<group>"; };
		69BFCB8422FA271F00B3EB5B /* Info.plist */ = {isa = PBXFileReference; lastKnownFileType = text.plist.xml; path = Info.plist; sourceTree = "<group>"; };
		69BFCB9322FA29E400B3EB5B /* Indicator.swift */ = {isa = PBXFileReference; lastKnownFileType = sourcecode.swift; path = Indicator.swift; sourceTree = "<group>"; };
		69BFCB9522FA29F200B3EB5B /* MTCustomTabBarController.swift */ = {isa = PBXFileReference; lastKnownFileType = sourcecode.swift; path = MTCustomTabBarController.swift; sourceTree = "<group>"; };
		69BFCB9722FA29FB00B3EB5B /* SwipeTransition.swift */ = {isa = PBXFileReference; lastKnownFileType = sourcecode.swift; path = SwipeTransition.swift; sourceTree = "<group>"; };
/* End PBXFileReference section */

/* Begin PBXFrameworksBuildPhase section */
		69BFCB7022FA271E00B3EB5B /* Frameworks */ = {
			isa = PBXFrameworksBuildPhase;
			buildActionMask = 2147483647;
			files = (
			);
			runOnlyForDeploymentPostprocessing = 0;
		};
/* End PBXFrameworksBuildPhase section */

/* Begin PBXGroup section */
		69BFCB6A22FA271E00B3EB5B = {
			isa = PBXGroup;
			children = (
				69BFCB7522FA271E00B3EB5B /* MTCustomTabBar */,
				69BFCB7422FA271E00B3EB5B /* Products */,
			);
			sourceTree = "<group>";
		};
		69BFCB7422FA271E00B3EB5B /* Products */ = {
			isa = PBXGroup;
			children = (
				69BFCB7322FA271E00B3EB5B /* MTCustomTabBar.app */,
			);
			name = Products;
			sourceTree = "<group>";
		};
		69BFCB7522FA271E00B3EB5B /* MTCustomTabBar */ = {
			isa = PBXGroup;
			children = (
				69BFCB9722FA29FB00B3EB5B /* SwipeTransition.swift */,
				69BFCB9522FA29F200B3EB5B /* MTCustomTabBarController.swift */,
				69BFCB9322FA29E400B3EB5B /* Indicator.swift */,
				69BFCB7622FA271E00B3EB5B /* AppDelegate.swift */,
				69BFCB7C22FA271E00B3EB5B /* Main.storyboard */,
				69BFCB7F22FA271F00B3EB5B /* Assets.xcassets */,
				69BFCB8122FA271F00B3EB5B /* LaunchScreen.storyboard */,
				69BFCB8422FA271F00B3EB5B /* Info.plist */,
			);
			path = MTCustomTabBar;
			sourceTree = "<group>";
		};
/* End PBXGroup section */

/* Begin PBXNativeTarget section */
		69BFCB7222FA271E00B3EB5B /* MTCustomTabBar */ = {
			isa = PBXNativeTarget;
			buildConfigurationList = 69BFCB8722FA271F00B3EB5B /* Build configuration list for PBXNativeTarget "MTCustomTabBar" */;
			buildPhases = (
				69BFCB6F22FA271E00B3EB5B /* Sources */,
				69BFCB7022FA271E00B3EB5B /* Frameworks */,
				69BFCB7122FA271E00B3EB5B /* Resources */,
			);
			buildRules = (
			);
			dependencies = (
			);
			name = MTCustomTabBar;
			productName = MTCustomTabBar;
			productReference = 69BFCB7322FA271E00B3EB5B /* MTCustomTabBar.app */;
			productType = "com.apple.product-type.application";
		};
/* End PBXNativeTarget section */

/* Begin PBXProject section */
		69BFCB6B22FA271E00B3EB5B /* Project object */ = {
			isa = PBXProject;
			attributes = {
				LastSwiftUpdateCheck = 1030;
				LastUpgradeCheck = 1030;
				ORGANIZATIONNAME = "Murilo Teixeira";
				TargetAttributes = {
					69BFCB7222FA271E00B3EB5B = {
						CreatedOnToolsVersion = 10.3;
					};
				};
			};
			buildConfigurationList = 69BFCB6E22FA271E00B3EB5B /* Build configuration list for PBXProject "MTCustomTabBar" */;
			compatibilityVersion = "Xcode 9.3";
			developmentRegion = en;
			hasScannedForEncodings = 0;
			knownRegions = (
				en,
				Base,
			);
			mainGroup = 69BFCB6A22FA271E00B3EB5B;
			productRefGroup = 69BFCB7422FA271E00B3EB5B /* Products */;
			projectDirPath = "";
			projectRoot = "";
			targets = (
				69BFCB7222FA271E00B3EB5B /* MTCustomTabBar */,
			);
		};
/* End PBXProject section */

/* Begin PBXResourcesBuildPhase section */
		69BFCB7122FA271E00B3EB5B /* Resources */ = {
			isa = PBXResourcesBuildPhase;
			buildActionMask = 2147483647;
			files = (
				69BFCB8322FA271F00B3EB5B /* LaunchScreen.storyboard in Resources */,
				69BFCB8022FA271F00B3EB5B /* Assets.xcassets in Resources */,
				69BFCB7E22FA271E00B3EB5B /* Main.storyboard in Resources */,
			);
			runOnlyForDeploymentPostprocessing = 0;
		};
/* End PBXResourcesBuildPhase section */

/* Begin PBXSourcesBuildPhase section */
		69BFCB6F22FA271E00B3EB5B /* Sources */ = {
			isa = PBXSourcesBuildPhase;
			buildActionMask = 2147483647;
			files = (
				69BFCB9822FA29FB00B3EB5B /* SwipeTransition.swift in Sources */,
				69BFCB9622FA29F200B3EB5B /* MTCustomTabBarController.swift in Sources */,
				69BFCB9422FA29E400B3EB5B /* Indicator.swift in Sources */,
				69BFCB7722FA271E00B3EB5B /* AppDelegate.swift in Sources */,
			);
			runOnlyForDeploymentPostprocessing = 0;
		};
/* End PBXSourcesBuildPhase section */

/* Begin PBXVariantGroup section */
		69BFCB7C22FA271E00B3EB5B /* Main.storyboard */ = {
			isa = PBXVariantGroup;
			children = (
				69BFCB7D22FA271E00B3EB5B /* Base */,
			);
			name = Main.storyboard;
			sourceTree = "<group>";
		};
		69BFCB8122FA271F00B3EB5B /* LaunchScreen.storyboard */ = {
			isa = PBXVariantGroup;
			children = (
				69BFCB8222FA271F00B3EB5B /* Base */,
			);
			name = LaunchScreen.storyboard;
			sourceTree = "<group>";
		};
/* End PBXVariantGroup section */

/* Begin XCBuildConfiguration section */
		69BFCB8522FA271F00B3EB5B /* Debug */ = {
			isa = XCBuildConfiguration;
			buildSettings = {
				ALWAYS_SEARCH_USER_PATHS = NO;
				CLANG_ANALYZER_NONNULL = YES;
				CLANG_ANALYZER_NUMBER_OBJECT_CONVERSION = YES_AGGRESSIVE;
				CLANG_CXX_LANGUAGE_STANDARD = "gnu++14";
				CLANG_CXX_LIBRARY = "libc++";
				CLANG_ENABLE_MODULES = YES;
				CLANG_ENABLE_OBJC_ARC = YES;
				CLANG_ENABLE_OBJC_WEAK = YES;
				CLANG_WARN_BLOCK_CAPTURE_AUTORELEASING = YES;
				CLANG_WARN_BOOL_CONVERSION = YES;
				CLANG_WARN_COMMA = YES;
				CLANG_WARN_CONSTANT_CONVERSION = YES;
				CLANG_WARN_DEPRECATED_OBJC_IMPLEMENTATIONS = YES;
				CLANG_WARN_DIRECT_OBJC_ISA_USAGE = YES_ERROR;
				CLANG_WARN_DOCUMENTATION_COMMENTS = YES;
				CLANG_WARN_EMPTY_BODY = YES;
				CLANG_WARN_ENUM_CONVERSION = YES;
				CLANG_WARN_INFINITE_RECURSION = YES;
				CLANG_WARN_INT_CONVERSION = YES;
				CLANG_WARN_NON_LITERAL_NULL_CONVERSION = YES;
				CLANG_WARN_OBJC_IMPLICIT_RETAIN_SELF = YES;
				CLANG_WARN_OBJC_LITERAL_CONVERSION = YES;
				CLANG_WARN_OBJC_ROOT_CLASS = YES_ERROR;
				CLANG_WARN_RANGE_LOOP_ANALYSIS = YES;
				CLANG_WARN_STRICT_PROTOTYPES = YES;
				CLANG_WARN_SUSPICIOUS_MOVE = YES;
				CLANG_WARN_UNGUARDED_AVAILABILITY = YES_AGGRESSIVE;
				CLANG_WARN_UNREACHABLE_CODE = YES;
				CLANG_WARN__DUPLICATE_METHOD_MATCH = YES;
				CODE_SIGN_IDENTITY = "iPhone Developer";
				COPY_PHASE_STRIP = NO;
				DEBUG_INFORMATION_FORMAT = dwarf;
				ENABLE_STRICT_OBJC_MSGSEND = YES;
				ENABLE_TESTABILITY = YES;
				GCC_C_LANGUAGE_STANDARD = gnu11;
				GCC_DYNAMIC_NO_PIC = NO;
				GCC_NO_COMMON_BLOCKS = YES;
				GCC_OPTIMIZATION_LEVEL = 0;
				GCC_PREPROCESSOR_DEFINITIONS = (
					"DEBUG=1",
					"$(inherited)",
				);
				GCC_WARN_64_TO_32_BIT_CONVERSION = YES;
				GCC_WARN_ABOUT_RETURN_TYPE = YES_ERROR;
				GCC_WARN_UNDECLARED_SELECTOR = YES;
				GCC_WARN_UNINITIALIZED_AUTOS = YES_AGGRESSIVE;
				GCC_WARN_UNUSED_FUNCTION = YES;
				GCC_WARN_UNUSED_VARIABLE = YES;
				IPHONEOS_DEPLOYMENT_TARGET = 12.4;
				MTL_ENABLE_DEBUG_INFO = INCLUDE_SOURCE;
				MTL_FAST_MATH = YES;
				ONLY_ACTIVE_ARCH = YES;
				SDKROOT = iphoneos;
				SWIFT_ACTIVE_COMPILATION_CONDITIONS = DEBUG;
				SWIFT_OPTIMIZATION_LEVEL = "-Onone";
			};
			name = Debug;
		};
		69BFCB8622FA271F00B3EB5B /* Release */ = {
			isa = XCBuildConfiguration;
			buildSettings = {
				ALWAYS_SEARCH_USER_PATHS = NO;
				CLANG_ANALYZER_NONNULL = YES;
				CLANG_ANALYZER_NUMBER_OBJECT_CONVERSION = YES_AGGRESSIVE;
				CLANG_CXX_LANGUAGE_STANDARD = "gnu++14";
				CLANG_CXX_LIBRARY = "libc++";
				CLANG_ENABLE_MODULES = YES;
				CLANG_ENABLE_OBJC_ARC = YES;
				CLANG_ENABLE_OBJC_WEAK = YES;
				CLANG_WARN_BLOCK_CAPTURE_AUTORELEASING = YES;
				CLANG_WARN_BOOL_CONVERSION = YES;
				CLANG_WARN_COMMA = YES;
				CLANG_WARN_CONSTANT_CONVERSION = YES;
				CLANG_WARN_DEPRECATED_OBJC_IMPLEMENTATIONS = YES;
				CLANG_WARN_DIRECT_OBJC_ISA_USAGE = YES_ERROR;
				CLANG_WARN_DOCUMENTATION_COMMENTS = YES;
				CLANG_WARN_EMPTY_BODY = YES;
				CLANG_WARN_ENUM_CONVERSION = YES;
				CLANG_WARN_INFINITE_RECURSION = YES;
				CLANG_WARN_INT_CONVERSION = YES;
				CLANG_WARN_NON_LITERAL_NULL_CONVERSION = YES;
				CLANG_WARN_OBJC_IMPLICIT_RETAIN_SELF = YES;
				CLANG_WARN_OBJC_LITERAL_CONVERSION = YES;
				CLANG_WARN_OBJC_ROOT_CLASS = YES_ERROR;
				CLANG_WARN_RANGE_LOOP_ANALYSIS = YES;
				CLANG_WARN_STRICT_PROTOTYPES = YES;
				CLANG_WARN_SUSPICIOUS_MOVE = YES;
				CLANG_WARN_UNGUARDED_AVAILABILITY = YES_AGGRESSIVE;
				CLANG_WARN_UNREACHABLE_CODE = YES;
				CLANG_WARN__DUPLICATE_METHOD_MATCH = YES;
				CODE_SIGN_IDENTITY = "iPhone Developer";
				COPY_PHASE_STRIP = NO;
				DEBUG_INFORMATION_FORMAT = "dwarf-with-dsym";
				ENABLE_NS_ASSERTIONS = NO;
				ENABLE_STRICT_OBJC_MSGSEND = YES;
				GCC_C_LANGUAGE_STANDARD = gnu11;
				GCC_NO_COMMON_BLOCKS = YES;
				GCC_WARN_64_TO_32_BIT_CONVERSION = YES;
				GCC_WARN_ABOUT_RETURN_TYPE = YES_ERROR;
				GCC_WARN_UNDECLARED_SELECTOR = YES;
				GCC_WARN_UNINITIALIZED_AUTOS = YES_AGGRESSIVE;
				GCC_WARN_UNUSED_FUNCTION = YES;
				GCC_WARN_UNUSED_VARIABLE = YES;
				IPHONEOS_DEPLOYMENT_TARGET = 12.4;
				MTL_ENABLE_DEBUG_INFO = NO;
				MTL_FAST_MATH = YES;
				SDKROOT = iphoneos;
				SWIFT_COMPILATION_MODE = wholemodule;
				SWIFT_OPTIMIZATION_LEVEL = "-O";
				VALIDATE_PRODUCT = YES;
			};
			name = Release;
		};
		69BFCB8822FA271F00B3EB5B /* Debug */ = {
			isa = XCBuildConfiguration;
			buildSettings = {
				ASSETCATALOG_COMPILER_APPICON_NAME = AppIcon;
				CODE_SIGN_STYLE = Automatic;
				DEVELOPMENT_TEAM = 6R4QWP27L3;
				INFOPLIST_FILE = MTCustomTabBar/Info.plist;
				LD_RUNPATH_SEARCH_PATHS = (
					"$(inherited)",
					"@executable_path/Frameworks",
				);
				PRODUCT_BUNDLE_IDENTIFIER = com.teixeira.murilo.MTCustomTabBar;
				PRODUCT_NAME = "$(TARGET_NAME)";
				SWIFT_VERSION = 5.0;
				TARGETED_DEVICE_FAMILY = "1,2";
			};
			name = Debug;
		};
		69BFCB8922FA271F00B3EB5B /* Release */ = {
			isa = XCBuildConfiguration;
			buildSettings = {
				ASSETCATALOG_COMPILER_APPICON_NAME = AppIcon;
				CODE_SIGN_STYLE = Automatic;
				DEVELOPMENT_TEAM = 6R4QWP27L3;
				INFOPLIST_FILE = MTCustomTabBar/Info.plist;
				LD_RUNPATH_SEARCH_PATHS = (
					"$(inherited)",
					"@executable_path/Frameworks",
				);
				PRODUCT_BUNDLE_IDENTIFIER = com.teixeira.murilo.MTCustomTabBar;
				PRODUCT_NAME = "$(TARGET_NAME)";
				SWIFT_VERSION = 5.0;
				TARGETED_DEVICE_FAMILY = "1,2";
			};
			name = Release;
		};
/* End XCBuildConfiguration section */

/* Begin XCConfigurationList section */
		69BFCB6E22FA271E00B3EB5B /* Build configuration list for PBXProject "MTCustomTabBar" */ = {
			isa = XCConfigurationList;
			buildConfigurations = (
				69BFCB8522FA271F00B3EB5B /* Debug */,
				69BFCB8622FA271F00B3EB5B /* Release */,
			);
			defaultConfigurationIsVisible = 0;
			defaultConfigurationName = Release;
		};
		69BFCB8722FA271F00B3EB5B /* Build configuration list for PBXNativeTarget "MTCustomTabBar" */ = {
			isa = XCConfigurationList;
			buildConfigurations = (
				69BFCB8822FA271F00B3EB5B /* Debug */,
				69BFCB8922FA271F00B3EB5B /* Release */,
			);
			defaultConfigurationIsVisible = 0;
			defaultConfigurationName = Release;
		};
/* End XCConfigurationList section */
	};
	rootObject = 69BFCB6B22FA271E00B3EB5B /* Project object */;
}
